
Microsoft Visual Studio Solution File, Format Version 12.00
# Visual Studio 14
VisualStudioVersion = 14.0.25420.1
MinimumVisualStudioVersion = 10.0.40219.1
Project("{FAE04EC0-301F-11D3-BF4B-00C04F79EFBC}") = "FlightSearch", "FlightSearch\FlightSearch.csproj", "{C479C3C5-EF36-403D-84A3-719DDFC8C990}"
EndProject
Project("{FAE04EC0-301F-11D3-BF4B-00C04F79EFBC}") = "FlightSearch.UnitTests", "FlightSearch.UnitTests\FlightSearch.UnitTests.csproj", "{0FC5692E-919B-4222-BA55-814EB3958D73}"
EndProject
Global
	GlobalSection(SolutionConfigurationPlatforms) = preSolution
		Debug|Any CPU = Debug|Any CPU
		Release|Any CPU = Release|Any CPU
	EndGlobalSection
	GlobalSection(ProjectConfigurationPlatforms) = postSolution
		{C479C3C5-EF36-403D-84A3-719DDFC8C990}.Debug|Any CPU.ActiveCfg = Debug|Any CPU
		{C479C3C5-EF36-403D-84A3-719DDFC8C990}.Debug|Any CPU.Build.0 = Debug|Any CPU
		{C479C3C5-EF36-403D-84A3-719DDFC8C990}.Release|Any CPU.ActiveCfg = Release|Any CPU
		{C479C3C5-EF36-403D-84A3-719DDFC8C990}.Release|Any CPU.Build.0 = Release|Any CPU
		{0FC5692E-919B-4222-BA55-814EB3958D73}.Debug|Any CPU.ActiveCfg = Debug|Any CPU
		{0FC5692E-919B-4222-BA55-814EB3958D73}.Debug|Any CPU.Build.0 = Debug|Any CPU
		{0FC5692E-919B-4222-BA55-814EB3958D73}.Release|Any CPU.ActiveCfg = Release|Any CPU
		{0FC5692E-919B-4222-BA55-814EB3958D73}.Release|Any CPU.Build.0 = Release|Any CPU
	EndGlobalSection
	GlobalSection(SolutionProperties) = preSolution
		HideSolutionNode = FALSE
	EndGlobalSection
EndGlobal
